
Microsoft Visual Studio Solution File, Format Version 12.00
# Visual Studio Version 17
VisualStudioVersion = 17.11.35312.102
MinimumVisualStudioVersion = 10.0.40219.1
Project("{9A19103F-16F7-4668-BE54-9A1E7A4F7556}") = "sportsectionfcsc", "sportsectionfcsc\sportsectionfcsc.csproj", "{09A89E25-5B92-42DF-8A40-0D01DD793425}"
EndProject
Global
	GlobalSection(SolutionConfigurationPlatforms) = preSolution
		Debug|Any CPU = Debug|Any CPU
		Release|Any CPU = Release|Any CPU
	EndGlobalSection
	GlobalSection(ProjectConfigurationPlatforms) = postSolution
		{09A89E25-5B92-42DF-8A40-0D01DD793425}.Debug|Any CPU.ActiveCfg = Debug|Any CPU
		{09A89E25-5B92-42DF-8A40-0D01DD793425}.Debug|Any CPU.Build.0 = Debug|Any CPU
		{09A89E25-5B92-42DF-8A40-0D01DD793425}.Debug|Any CPU.Deploy.0 = Debug|Any CPU
		{09A89E25-5B92-42DF-8A40-0D01DD793425}.Release|Any CPU.ActiveCfg = Release|Any CPU
		{09A89E25-5B92-42DF-8A40-0D01DD793425}.Release|Any CPU.Build.0 = Release|Any CPU
		{09A89E25-5B92-42DF-8A40-0D01DD793425}.Release|Any CPU.Deploy.0 = Release|Any CPU
	EndGlobalSection
	GlobalSection(SolutionProperties) = preSolution
		HideSolutionNode = FALSE
	EndGlobalSection
	GlobalSection(ExtensibilityGlobals) = postSolution
		SolutionGuid = {D5215E2F-0C65-4CB1-89C3-848018412818}
	EndGlobalSection
EndGlobal
